
Microsoft Visual Studio Solution File, Format Version 12.00
# Visual Studio Version 17
VisualStudioVersion = 17.9.34902.65
MinimumVisualStudioVersion = 10.0.40219.1
Project("{FAE04EC0-301F-11D3-BF4B-00C04F79EFBC}") = "CiccazonWeb", "CiccazonWeb\CiccazonWeb.csproj", "{24F2E3C1-61A1-411C-A502-C036E6C876FE}"
EndProject
Global
	GlobalSection(SolutionConfigurationPlatforms) = preSolution
		Debug|Any CPU = Debug|Any CPU
		Release|Any CPU = Release|Any CPU
	EndGlobalSection
	GlobalSection(ProjectConfigurationPlatforms) = postSolution
		{24F2E3C1-61A1-411C-A502-C036E6C876FE}.Debug|Any CPU.ActiveCfg = Debug|Any CPU
		{24F2E3C1-61A1-411C-A502-C036E6C876FE}.Debug|Any CPU.Build.0 = Debug|Any CPU
		{24F2E3C1-61A1-411C-A502-C036E6C876FE}.Release|Any CPU.ActiveCfg = Release|Any CPU
		{24F2E3C1-61A1-411C-A502-C036E6C876FE}.Release|Any CPU.Build.0 = Release|Any CPU
	EndGlobalSection
	GlobalSection(SolutionProperties) = preSolution
		HideSolutionNode = FALSE
	EndGlobalSection
	GlobalSection(ExtensibilityGlobals) = postSolution
		SolutionGuid = {91774A8A-3E76-454B-A560-93F32FFAC743}
	EndGlobalSection
EndGlobal
